Microsoft Visual Studio Solution File, Format Version 12.00
# Visual Studio Version 17
VisualStudioVersion = 17.0.31717.71
MinimumVisualStudioVersion = 10.0.40219.1
Project("{9A19103F-16F7-4668-BE54-9A1E7A4F7556}") = "MudDataGridAndTableSample", "MudDataGridAndTableSample.csproj", "{436E89E6-93AD-4A0E-A758-35308B72CC8D}"
EndProject
Global
	GlobalSection(SolutionConfigurationPlatforms) = preSolution
		Debug|Any CPU = Debug|Any CPU
		Release|Any CPU = Release|Any CPU
	EndGlobalSection
	GlobalSection(ProjectConfigurationPlatforms) = postSolution
		{436E89E6-93AD-4A0E-A758-35308B72CC8D}.Debug|Any CPU.ActiveCfg = Debug|Any CPU
		{436E89E6-93AD-4A0E-A758-35308B72CC8D}.Debug|Any CPU.Build.0 = Debug|Any CPU
		{436E89E6-93AD-4A0E-A758-35308B72CC8D}.Release|Any CPU.ActiveCfg = Release|Any CPU
		{436E89E6-93AD-4A0E-A758-35308B72CC8D}.Release|Any CPU.Build.0 = Release|Any CPU
	EndGlobalSection
	GlobalSection(SolutionProperties) = preSolution
		HideSolutionNode = FALSE
	EndGlobalSection
	GlobalSection(ExtensibilityGlobals) = postSolution
		SolutionGuid = {9E6E1B92-36A1-404C-BFE1-232B75EA25CF}
	EndGlobalSection
EndGlobal
